// !$*UTF8*$!
{
	archiveVersion = 1;
	classes = {
	};
	objectVersion = 46;
	objects = {

/* Begin PBXBuildFile section */
		835F0AEF1D75C26F0011367A /* CCARadialGradientLayer.m in Sources */ = {isa = PBXBuildFile; fileRef = 835F0AEA1D75C26F0011367A /* CCARadialGradientLayer.m */; };
		835F0AF01D75C26F0011367A /* UIColor+UIColorAdditions.m in Sources */ = {isa = PBXBuildFile; fileRef = 835F0AEC1D75C26F0011367A /* UIColor+UIColorAdditions.m */; };
		835F0AF11D75C26F0011367A /* UIImage+UIImageAdditions.m in Sources */ = {isa = PBXBuildFile; fileRef = 835F0AEE1D75C26F0011367A /* UIImage+UIImageAdditions.m */; };
		835F0B2E1D7839D80011367A /* EHHorizontalLineViewCell.m in Sources */ = {isa = PBXBuildFile; fileRef = 835F0B251D7839D80011367A /* EHHorizontalLineViewCell.m */; };
		835F0B2F1D7839D80011367A /* EHHorizontalSelectionView.m in Sources */ = {isa = PBXBuildFile; fileRef = 835F0B271D7839D80011367A /* EHHorizontalSelectionView.m */; };
		835F0B301D7839D80011367A /* EHHorizontalViewCell.m in Sources */ = {isa = PBXBuildFile; fileRef = 835F0B291D7839D80011367A /* EHHorizontalViewCell.m */; };
		835F0B311D7839D80011367A /* EHRoundedHorizontalViewCell.m in Sources */ = {isa = PBXBuildFile; fileRef = 835F0B2B1D7839D80011367A /* EHRoundedHorizontalViewCell.m */; };
		835F0B321D7839D80011367A /* EHHorizontalViewCell.xib in Resources */ = {isa = PBXBuildFile; fileRef = 835F0B2D1D7839D80011367A /* EHHorizontalViewCell.xib */; };
		838428D91D7591CD00DC2AB3 /* main.m in Sources */ = {isa = PBXBuildFile; fileRef = 838428D81D7591CD00DC2AB3 /* main.m */; };
		838428DC1D7591CD00DC2AB3 /* AppDelegate.m in Sources */ = {isa = PBXBuildFile; fileRef = 838428DB1D7591CD00DC2AB3 /* AppDelegate.m */; };
		838428DF1D7591CD00DC2AB3 /* ViewController.m in Sources */ = {isa = PBXBuildFile; fileRef = 838428DE1D7591CD00DC2AB3 /* ViewController.m */; };
		838428E21D7591CD00DC2AB3 /* Main.storyboard in Resources */ = {isa = PBXBuildFile; fileRef = 838428E01D7591CD00DC2AB3 /* Main.storyboard */; };
		838428E41D7591CD00DC2AB3 /* Assets.xcassets in Resources */ = {isa = PBXBuildFile; fileRef = 838428E31D7591CD00DC2AB3 /* Assets.xcassets */; };
		838428E71D7591CD00DC2AB3 /* LaunchScreen.storyboard in Resources */ = {isa = PBXBuildFile; fileRef = 838428E51D7591CD00DC2AB3 /* LaunchScreen.storyboard */; };
		83F936AF1D8BF38A009AEA46 /* EHHorizontalSelectionViewTests.m in Sources */ = {isa = PBXBuildFile; fileRef = 838429121D75A38B00DC2AB3 /* EHHorizontalSelectionViewTests.m */; };
		83FB82651DABAB320072984F /* CustomHorizontalViewCell.m in Sources */ = {isa = PBXBuildFile; fileRef = 83FB82631DABAB320072984F /* CustomHorizontalViewCell.m */; };
		83FB82661DABAB320072984F /* CustomHorizontalViewCell.xib in Resources */ = {isa = PBXBuildFile; fileRef = 83FB82641DABAB320072984F /* CustomHorizontalViewCell.xib */; };
		83FB826B1DABB66E0072984F /* 1@2x.png in Resources */ = {isa = PBXBuildFile; fileRef = 83FB82671DABB66E0072984F /* 1@2x.png */; };
		83FB826C1DABB66E0072984F /* 2@2x.png in Resources */ = {isa = PBXBuildFile; fileRef = 83FB82681DABB66E0072984F /* 2@2x.png */; };
		83FB826D1DABB66E0072984F /* 3@2x.png in Resources */ = {isa = PBXBuildFile; fileRef = 83FB82691DABB66E0072984F /* 3@2x.png */; };
		83FB826E1DABB66E0072984F /* 4@2x.png in Resources */ = {isa = PBXBuildFile; fileRef = 83FB826A1DABB66E0072984F /* 4@2x.png */; };
/* End PBXBuildFile section */

/* Begin PBXContainerItemProxy section */
		83F936AD1D8BE546009AEA46 /* PBXContainerItemProxy */ = {
			isa = PBXContainerItemProxy;
			containerPortal = 838428CC1D7591CD00DC2AB3 /* Project object */;
			proxyType = 1;
			remoteGlobalIDString = 838428D31D7591CD00DC2AB3;
			remoteInfo = EHHorizontalSelectionViewExample;
		};
/* End PBXContainerItemProxy section */

/* Begin PBXFileReference section */
		835F0AE91D75C26F0011367A /* CCARadialGradientLayer.h */ = {isa = PBXFileReference; fileEncoding = 4; lastKnownFileType = sourcecode.c.h; path = CCARadialGradientLayer.h; sourceTree = "<group>"; };
		835F0AEA1D75C26F0011367A /* CCARadialGradientLayer.m */ = {isa = PBXFileReference; fileEncoding = 4; lastKnownFileType = sourcecode.c.objc; path = CCARadialGradientLayer.m; sourceTree = "<group>"; };
		835F0AEB1D75C26F0011367A /* UIColor+UIColorAdditions.h */ = {isa = PBXFileReference; fileEncoding = 4; lastKnownFileType = sourcecode.c.h; path = "UIColor+UIColorAdditions.h"; sourceTree = "<group>"; };
		835F0AEC1D75C26F0011367A /* UIColor+UIColorAdditions.m */ = {isa = PBXFileReference; fileEncoding = 4; lastKnownFileType = sourcecode.c.objc; path = "UIColor+UIColorAdditions.m"; sourceTree = "<group>"; };
		835F0AED1D75C26F0011367A /* UIImage+UIImageAdditions.h */ = {isa = PBXFileReference; fileEncoding = 4; lastKnownFileType = sourcecode.c.h; path = "UIImage+UIImageAdditions.h"; sourceTree = "<group>"; };
		835F0AEE1D75C26F0011367A /* UIImage+UIImageAdditions.m */ = {isa = PBXFileReference; fileEncoding = 4; lastKnownFileType = sourcecode.c.objc; path = "UIImage+UIImageAdditions.m"; sourceTree = "<group>"; };
		835F0B241D7839D80011367A /* EHHorizontalLineViewCell.h */ = {isa = PBXFileReference; fileEncoding = 4; lastKnownFileType = sourcecode.c.h; path = EHHorizontalLineViewCell.h; sourceTree = "<group>"; };
		835F0B251D7839D80011367A /* EHHorizontalLineViewCell.m */ = {isa = PBXFileReference; fileEncoding = 4; lastKnownFileType = sourcecode.c.objc; path = EHHorizontalLineViewCell.m; sourceTree = "<group>"; };
		835F0B261D7839D80011367A /* EHHorizontalSelectionView.h */ = {isa = PBXFileReference; fileEncoding = 4; lastKnownFileType = sourcecode.c.h; path = EHHorizontalSelectionView.h; sourceTree = "<group>"; };
		835F0B271D7839D80011367A /* EHHorizontalSelectionView.m */ = {isa = PBXFileReference; fileEncoding = 4; lastKnownFileType = sourcecode.c.objc; path = EHHorizontalSelectionView.m; sourceTree = "<group>"; };
		835F0B281D7839D80011367A /* EHHorizontalViewCell.h */ = {isa = PBXFileReference; fileEncoding = 4; lastKnownFileType = sourcecode.c.h; path = EHHorizontalViewCell.h; sourceTree = "<group>"; };
		835F0B291D7839D80011367A /* EHHorizontalViewCell.m */ = {isa = PBXFileReference; fileEncoding = 4; lastKnownFileType = sourcecode.c.objc; path = EHHorizontalViewCell.m; sourceTree = "<group>"; };
		835F0B2A1D7839D80011367A /* EHRoundedHorizontalViewCell.h */ = {isa = PBXFileReference; fileEncoding = 4; lastKnownFileType = sourcecode.c.h; path = EHRoundedHorizontalViewCell.h; sourceTree = "<group>"; };
		835F0B2B1D7839D80011367A /* EHRoundedHorizontalViewCell.m */ = {isa = PBXFileReference; fileEncoding = 4; lastKnownFileType = sourcecode.c.objc; path = EHRoundedHorizontalViewCell.m; sourceTree = "<group>"; };
		835F0B2D1D7839D80011367A /* EHHorizontalViewCell.xib */ = {isa = PBXFileReference; fileEncoding = 4; lastKnownFileType = file.xib; path = EHHorizontalViewCell.xib; sourceTree = "<group>"; };
		838428D41D7591CD00DC2AB3 /* EHHorizontalSelectionViewExample.app */ = {isa = PBXFileReference; explicitFileType = wrapper.application; includeInIndex = 0; path = EHHorizontalSelectionViewExample.app; sourceTree = BUILT_PRODUCTS_DIR; };
		838428D81D7591CD00DC2AB3 /* main.m */ = {isa = PBXFileReference; lastKnownFileType = sourcecode.c.objc; path = main.m; sourceTree = "<group>"; };
		838428DA1D7591CD00DC2AB3 /* AppDelegate.h */ = {isa = PBXFileReference; lastKnownFileType = sourcecode.c.h; path = AppDelegate.h; sourceTree = "<group>"; };
		838428DB1D7591CD00DC2AB3 /* AppDelegate.m */ = {isa = PBXFileReference; lastKnownFileType = sourcecode.c.objc; path = AppDelegate.m; sourceTree = "<group>"; };
		838428DD1D7591CD00DC2AB3 /* ViewController.h */ = {isa = PBXFileReference; lastKnownFileType = sourcecode.c.h; path = ViewController.h; sourceTree = "<group>"; };
		838428DE1D7591CD00DC2AB3 /* ViewController.m */ = {isa = PBXFileReference; lastKnownFileType = sourcecode.c.objc; path = ViewController.m; sourceTree = "<group>"; };
		838428E11D7591CD00DC2AB3 /* Base */ = {isa = PBXFileReference; lastKnownFileType = file.storyboard; name = Base; path = Base.lproj/Main.storyboard; sourceTree = "<group>"; };
		838428E31D7591CD00DC2AB3 /* Assets.xcassets */ = {isa = PBXFileReference; lastKnownFileType = folder.assetcatalog; path = Assets.xcassets; sourceTree = "<group>"; };
		838428E61D7591CD00DC2AB3 /* Base */ = {isa = PBXFileReference; lastKnownFileType = file.storyboard; name = Base; path = Base.lproj/LaunchScreen.storyboard; sourceTree = "<group>"; };
		838428E81D7591CD00DC2AB3 /* Info.plist */ = {isa = PBXFileReference; lastKnownFileType = text.plist.xml; path = Info.plist; sourceTree = "<group>"; };
		838429101D75A38B00DC2AB3 /* EHHorizontalSelectionViewTests.xctest */ = {isa = PBXFileReference; explicitFileType = wrapper.cfbundle; includeInIndex = 0; path = EHHorizontalSelectionViewTests.xctest; sourceTree = BUILT_PRODUCTS_DIR; };
		838429121D75A38B00DC2AB3 /* EHHorizontalSelectionViewTests.m */ = {isa = PBXFileReference; lastKnownFileType = sourcecode.c.objc; path = EHHorizontalSelectionViewTests.m; sourceTree = "<group>"; };
		838429141D75A38B00DC2AB3 /* Info.plist */ = {isa = PBXFileReference; lastKnownFileType = text.plist.xml; path = Info.plist; sourceTree = "<group>"; };
		83FB82621DABAB320072984F /* CustomHorizontalViewCell.h */ = {isa = PBXFileReference; fileEncoding = 4; lastKnownFileType = sourcecode.c.h; path = CustomHorizontalViewCell.h; sourceTree = "<group>"; };
		83FB82631DABAB320072984F /* CustomHorizontalViewCell.m */ = {isa = PBXFileReference; fileEncoding = 4; lastKnownFileType = sourcecode.c.objc; path = CustomHorizontalViewCell.m; sourceTree = "<group>"; };
		83FB82641DABAB320072984F /* CustomHorizontalViewCell.xib */ = {isa = PBXFileReference; fileEncoding = 4; lastKnownFileType = file.xib; path = CustomHorizontalViewCell.xib; sourceTree = "<group>"; };
		83FB82671DABB66E0072984F /* 1@2x.png */ = {isa = PBXFileReference; lastKnownFileType = image.png; path = "1@2x.png"; sourceTree = "<group>"; };
		83FB82681DABB66E0072984F /* 2@2x.png */ = {isa = PBXFileReference; lastKnownFileType = image.png; path = "2@2x.png"; sourceTree = "<group>"; };
		83FB82691DABB66E0072984F /* 3@2x.png */ = {isa = PBXFileReference; lastKnownFileType = image.png; path = "3@2x.png"; sourceTree = "<group>"; };
		83FB826A1DABB66E0072984F /* 4@2x.png */ = {isa = PBXFileReference; lastKnownFileType = image.png; path = "4@2x.png"; sourceTree = "<group>"; };
/* End PBXFileReference section */

/* Begin PBXFrameworksBuildPhase section */
		838428D11D7591CD00DC2AB3 /* Frameworks */ = {
			isa = PBXFrameworksBuildPhase;
			buildActionMask = 2147483647;
			files = (
			);
			runOnlyForDeploymentPostprocessing = 0;
		};
		8384290D1D75A38B00DC2AB3 /* Frameworks */ = {
			isa = PBXFrameworksBuildPhase;
			buildActionMask = 2147483647;
			files = (
			);
			runOnlyForDeploymentPostprocessing = 0;
		};
/* End PBXFrameworksBuildPhase section */

/* Begin PBXGroup section */
		835F0ACD1D75C14C0011367A /* Customizing */ = {
			isa = PBXGroup;
			children = (
				83FB82621DABAB320072984F /* CustomHorizontalViewCell.h */,
				83FB82631DABAB320072984F /* CustomHorizontalViewCell.m */,
				83FB82641DABAB320072984F /* CustomHorizontalViewCell.xib */,
			);
			name = Customizing;
			sourceTree = "<group>";
		};
		835F0AE81D75C26F0011367A /* Common */ = {
			isa = PBXGroup;
			children = (
				835F0AE91D75C26F0011367A /* CCARadialGradientLayer.h */,
				835F0AEA1D75C26F0011367A /* CCARadialGradientLayer.m */,
				835F0AEB1D75C26F0011367A /* UIColor+UIColorAdditions.h */,
				835F0AEC1D75C26F0011367A /* UIColor+UIColorAdditions.m */,
				835F0AED1D75C26F0011367A /* UIImage+UIImageAdditions.h */,
				835F0AEE1D75C26F0011367A /* UIImage+UIImageAdditions.m */,
			);
			path = Common;
			sourceTree = "<group>";
		};
		835F0B2C1D7839D80011367A /* xibs */ = {
			isa = PBXGroup;
			children = (
				835F0B2D1D7839D80011367A /* EHHorizontalViewCell.xib */,
			);
			path = xibs;
			sourceTree = "<group>";
		};
		835F0B331D7839E00011367A /* Cells */ = {
			isa = PBXGroup;
			children = (
				835F0B241D7839D80011367A /* EHHorizontalLineViewCell.h */,
				835F0B251D7839D80011367A /* EHHorizontalLineViewCell.m */,
				835F0B281D7839D80011367A /* EHHorizontalViewCell.h */,
				835F0B291D7839D80011367A /* EHHorizontalViewCell.m */,
				835F0B2A1D7839D80011367A /* EHRoundedHorizontalViewCell.h */,
				835F0B2B1D7839D80011367A /* EHRoundedHorizontalViewCell.m */,
				835F0B2C1D7839D80011367A /* xibs */,
			);
			name = Cells;
			sourceTree = "<group>";
		};
		838428CB1D7591CD00DC2AB3 = {
			isa = PBXGroup;
			children = (
				838428D61D7591CD00DC2AB3 /* EHHorizontalSelectionViewExample */,
				838429111D75A38B00DC2AB3 /* EHHorizontalSelectionViewTests */,
				838428D51D7591CD00DC2AB3 /* Products */,
			);
			sourceTree = "<group>";
		};
		838428D51D7591CD00DC2AB3 /* Products */ = {
			isa = PBXGroup;
			children = (
				838428D41D7591CD00DC2AB3 /* EHHorizontalSelectionViewExample.app */,
				838429101D75A38B00DC2AB3 /* EHHorizontalSelectionViewTests.xctest */,
			);
			name = Products;
			sourceTree = "<group>";
		};
		838428D61D7591CD00DC2AB3 /* EHHorizontalSelectionViewExample */ = {
			isa = PBXGroup;
			children = (
				835F0AE81D75C26F0011367A /* Common */,
				838428F71D7591F500DC2AB3 /* EHHorizontalSelectionView */,
				838428DA1D7591CD00DC2AB3 /* AppDelegate.h */,
				838428DB1D7591CD00DC2AB3 /* AppDelegate.m */,
				838428DD1D7591CD00DC2AB3 /* ViewController.h */,
				838428DE1D7591CD00DC2AB3 /* ViewController.m */,
				838428E01D7591CD00DC2AB3 /* Main.storyboard */,
				838428E31D7591CD00DC2AB3 /* Assets.xcassets */,
				838428E51D7591CD00DC2AB3 /* LaunchScreen.storyboard */,
				838428E81D7591CD00DC2AB3 /* Info.plist */,
				838428D71D7591CD00DC2AB3 /* Supporting Files */,
				835F0ACD1D75C14C0011367A /* Customizing */,
			);
			path = EHHorizontalSelectionViewExample;
			sourceTree = "<group>";
		};
		838428D71D7591CD00DC2AB3 /* Supporting Files */ = {
			isa = PBXGroup;
			children = (
				83FB82671DABB66E0072984F /* 1@2x.png */,
				83FB82681DABB66E0072984F /* 2@2x.png */,
				83FB82691DABB66E0072984F /* 3@2x.png */,
				83FB826A1DABB66E0072984F /* 4@2x.png */,
				838428D81D7591CD00DC2AB3 /* main.m */,
			);
			name = "Supporting Files";
			sourceTree = "<group>";
		};
		838428F71D7591F500DC2AB3 /* EHHorizontalSelectionView */ = {
			isa = PBXGroup;
			children = (
				835F0B261D7839D80011367A /* EHHorizontalSelectionView.h */,
				835F0B271D7839D80011367A /* EHHorizontalSelectionView.m */,
				835F0B331D7839E00011367A /* Cells */,
			);
			name = EHHorizontalSelectionView;
			path = ../EHHorizontalSelectionView;
			sourceTree = "<group>";
		};
		838429111D75A38B00DC2AB3 /* EHHorizontalSelectionViewTests */ = {
			isa = PBXGroup;
			children = (
				838429121D75A38B00DC2AB3 /* EHHorizontalSelectionViewTests.m */,
				838429141D75A38B00DC2AB3 /* Info.plist */,
			);
			path = EHHorizontalSelectionViewTests;
			sourceTree = "<group>";
		};
/* End PBXGroup section */

/* Begin PBXNativeTarget section */
		838428D31D7591CD00DC2AB3 /* EHHorizontalSelectionViewExample */ = {
			isa = PBXNativeTarget;
			buildConfigurationList = 838428EB1D7591CD00DC2AB3 /* Build configuration list for PBXNativeTarget "EHHorizontalSelectionViewExample" */;
			buildPhases = (
				838428D01D7591CD00DC2AB3 /* Sources */,
				838428D11D7591CD00DC2AB3 /* Frameworks */,
				838428D21D7591CD00DC2AB3 /* Resources */,
			);
			buildRules = (
			);
			dependencies = (
			);
			name = EHHorizontalSelectionViewExample;
			productName = EHHorizontalSelectionView;
			productReference = 838428D41D7591CD00DC2AB3 /* EHHorizontalSelectionViewExample.app */;
			productType = "com.apple.product-type.application";
		};
		8384290F1D75A38B00DC2AB3 /* EHHorizontalSelectionViewTests */ = {
			isa = PBXNativeTarget;
			buildConfigurationList = 838429171D75A38B00DC2AB3 /* Build configuration list for PBXNativeTarget "EHHorizontalSelectionViewTests" */;
			buildPhases = (
				8384290C1D75A38B00DC2AB3 /* Sources */,
				8384290D1D75A38B00DC2AB3 /* Frameworks */,
				8384290E1D75A38B00DC2AB3 /* Resources */,
			);
			buildRules = (
			);
			dependencies = (
				83F936AE1D8BE546009AEA46 /* PBXTargetDependency */,
			);
			name = EHHorizontalSelectionViewTests;
			productName = EHHorizontalSelectionViewTests;
			productReference = 838429101D75A38B00DC2AB3 /* EHHorizontalSelectionViewTests.xctest */;
			productType = "com.apple.product-type.bundle.unit-test";
		};
/* End PBXNativeTarget section */

/* Begin PBXProject section */
		838428CC1D7591CD00DC2AB3 /* Project object */ = {
			isa = PBXProject;
			attributes = {
				LastUpgradeCheck = 0730;
				ORGANIZATIONNAME = josshad;
				TargetAttributes = {
					838428D31D7591CD00DC2AB3 = {
						CreatedOnToolsVersion = 7.3.1;
					};
					8384290F1D75A38B00DC2AB3 = {
						CreatedOnToolsVersion = 7.3.1;
						TestTargetID = 838428D31D7591CD00DC2AB3;
					};
				};
			};
			buildConfigurationList = 838428CF1D7591CD00DC2AB3 /* Build configuration list for PBXProject "EHHorizontalSelectionView" */;
			compatibilityVersion = "Xcode 3.2";
			developmentRegion = English;
			hasScannedForEncodings = 0;
			knownRegions = (
				en,
				Base,
			);
			mainGroup = 838428CB1D7591CD00DC2AB3;
			productRefGroup = 838428D51D7591CD00DC2AB3 /* Products */;
			projectDirPath = "";
			projectRoot = "";
			targets = (
				838428D31D7591CD00DC2AB3 /* EHHorizontalSelectionViewExample */,
				8384290F1D75A38B00DC2AB3 /* EHHorizontalSelectionViewTests */,
			);
		};
/* End PBXProject section */

/* Begin PBXResourcesBuildPhase section */
		838428D21D7591CD00DC2AB3 /* Resources */ = {
			isa = PBXResourcesBuildPhase;
			buildActionMask = 2147483647;
			files = (
				838428E71D7591CD00DC2AB3 /* LaunchScreen.storyboard in Resources */,
				838428E41D7591CD00DC2AB3 /* Assets.xcassets in Resources */,
				83FB826D1DABB66E0072984F /* 3@2x.png in Resources */,
				83FB826C1DABB66E0072984F /* 2@2x.png in Resources */,
				83FB826E1DABB66E0072984F /* 4@2x.png in Resources */,
				83FB82661DABAB320072984F /* CustomHorizontalViewCell.xib in Resources */,
				838428E21D7591CD00DC2AB3 /* Main.storyboard in Resources */,
				835F0B321D7839D80011367A /* EHHorizontalViewCell.xib in Resources */,
				83FB826B1DABB66E0072984F /* 1@2x.png in Resources */,
			);
			runOnlyForDeploymentPostprocessing = 0;
		};
		8384290E1D75A38B00DC2AB3 /* Resources */ = {
			isa = PBXResourcesBuildPhase;
			buildActionMask = 2147483647;
			files = (
			);
			runOnlyForDeploymentPostprocessing = 0;
		};
/* End PBXResourcesBuildPhase section */

/* Begin PBXSourcesBuildPhase section */
		838428D01D7591CD00DC2AB3 /* Sources */ = {
			isa = PBXSourcesBuildPhase;
			buildActionMask = 2147483647;
			files = (
				835F0AEF1D75C26F0011367A /* CCARadialGradientLayer.m in Sources */,
				838428DF1D7591CD00DC2AB3 /* ViewController.m in Sources */,
				83FB82651DABAB320072984F /* CustomHorizontalViewCell.m in Sources */,
				835F0AF11D75C26F0011367A /* UIImage+UIImageAdditions.m in Sources */,
				835F0B301D7839D80011367A /* EHHorizontalViewCell.m in Sources */,
				835F0AF01D75C26F0011367A /* UIColor+UIColorAdditions.m in Sources */,
				838428DC1D7591CD00DC2AB3 /* AppDelegate.m in Sources */,
				838428D91D7591CD00DC2AB3 /* main.m in Sources */,
				835F0B2F1D7839D80011367A /* EHHorizontalSelectionView.m in Sources */,
				835F0B2E1D7839D80011367A /* EHHorizontalLineViewCell.m in Sources */,
				835F0B311D7839D80011367A /* EHRoundedHorizontalViewCell.m in Sources */,
			);
			runOnlyForDeploymentPostprocessing = 0;
		};
		8384290C1D75A38B00DC2AB3 /* Sources */ = {
			isa = PBXSourcesBuildPhase;
			buildActionMask = 2147483647;
			files = (
				83F936AF1D8BF38A009AEA46 /* EHHorizontalSelectionViewTests.m in Sources */,
			);
			runOnlyForDeploymentPostprocessing = 0;
		};
/* End PBXSourcesBuildPhase section */

/* Begin PBXTargetDependency section */
		83F936AE1D8BE546009AEA46 /* PBXTargetDependency */ = {
			isa = PBXTargetDependency;
			target = 838428D31D7591CD00DC2AB3 /* EHHorizontalSelectionViewExample */;
			targetProxy = 83F936AD1D8BE546009AEA46 /* PBXContainerItemProxy */;
		};
/* End PBXTargetDependency section */

/* Begin PBXVariantGroup section */
		838428E01D7591CD00DC2AB3 /* Main.storyboard */ = {
			isa = PBXVariantGroup;
			children = (
				838428E11D7591CD00DC2AB3 /* Base */,
			);
			name = Main.storyboard;
			sourceTree = "<group>";
		};
		838428E51D7591CD00DC2AB3 /* LaunchScreen.storyboard */ = {
			isa = PBXVariantGroup;
			children = (
				838428E61D7591CD00DC2AB3 /* Base */,
			);
			name = LaunchScreen.storyboard;
			sourceTree = "<group>";
		};
/* End PBXVariantGroup section */

/* Begin XCBuildConfiguration section */
		838428E91D7591CD00DC2AB3 /* Debug */ = {
			isa = XCBuildConfiguration;
			buildSettings = {
				ALWAYS_SEARCH_USER_PATHS = NO;
				CLANG_ANALYZER_NONNULL = YES;
				CLANG_CXX_LANGUAGE_STANDARD = "gnu++0x";
				CLANG_CXX_LIBRARY = "libc++";
				CLANG_ENABLE_MODULES = YES;
				CLANG_ENABLE_OBJC_ARC = YES;
				CLANG_WARN_BOOL_CONVERSION = YES;
				CLANG_WARN_CONSTANT_CONVERSION = YES;
				CLANG_WARN_DIRECT_OBJC_ISA_USAGE = YES_ERROR;
				CLANG_WARN_EMPTY_BODY = YES;
				CLANG_WARN_ENUM_CONVERSION = YES;
				CLANG_WARN_INT_CONVERSION = YES;
				CLANG_WARN_OBJC_ROOT_CLASS = YES_ERROR;
				CLANG_WARN_UNREACHABLE_CODE = YES;
				CLANG_WARN__DUPLICATE_METHOD_MATCH = YES;
				"CODE_SIGN_IDENTITY[sdk=iphoneos*]" = "iPhone Developer";
				COPY_PHASE_STRIP = NO;
				DEBUG_INFORMATION_FORMAT = dwarf;
				ENABLE_STRICT_OBJC_MSGSEND = YES;
				ENABLE_TESTABILITY = YES;
				GCC_C_LANGUAGE_STANDARD = gnu99;
				GCC_DYNAMIC_NO_PIC = NO;
				GCC_NO_COMMON_BLOCKS = YES;
				GCC_OPTIMIZATION_LEVEL = 0;
				GCC_PREPROCESSOR_DEFINITIONS = (
					"DEBUG=1",
					"$(inherited)",
				);
				GCC_WARN_64_TO_32_BIT_CONVERSION = YES;
				GCC_WARN_ABOUT_RETURN_TYPE = YES_ERROR;
				GCC_WARN_UNDECLARED_SELECTOR = YES;
				GCC_WARN_UNINITIALIZED_AUTOS = YES_AGGRESSIVE;
				GCC_WARN_UNUSED_FUNCTION = YES;
				GCC_WARN_UNUSED_VARIABLE = YES;
				IPHONEOS_DEPLOYMENT_TARGET = 9.3;
				MTL_ENABLE_DEBUG_INFO = YES;
				ONLY_ACTIVE_ARCH = YES;
				SDKROOT = iphoneos;
				TARGETED_DEVICE_FAMILY = "1,2";
			};
			name = Debug;
		};
		838428EA1D7591CD00DC2AB3 /* Release */ = {
			isa = XCBuildConfiguration;
			buildSettings = {
				ALWAYS_SEARCH_USER_PATHS = NO;
				CLANG_ANALYZER_NONNULL = YES;
				CLANG_CXX_LANGUAGE_STANDARD = "gnu++0x";
				CLANG_CXX_LIBRARY = "libc++";
				CLANG_ENABLE_MODULES = YES;
				CLANG_ENABLE_OBJC_ARC = YES;
				CLANG_WARN_BOOL_CONVERSION = YES;
				CLANG_WARN_CONSTANT_CONVERSION = YES;
				CLANG_WARN_DIRECT_OBJC_ISA_USAGE = YES_ERROR;
				CLANG_WARN_EMPTY_BODY = YES;
				CLANG_WARN_ENUM_CONVERSION = YES;
				CLANG_WARN_INT_CONVERSION = YES;
				CLANG_WARN_OBJC_ROOT_CLASS = YES_ERROR;
				CLANG_WARN_UNREACHABLE_CODE = YES;
				CLANG_WARN__DUPLICATE_METHOD_MATCH = YES;
				"CODE_SIGN_IDENTITY[sdk=iphoneos*]" = "iPhone Developer";
				COPY_PHASE_STRIP = NO;
				DEBUG_INFORMATION_FORMAT = "dwarf-with-dsym";
				ENABLE_NS_ASSERTIONS = NO;
				ENABLE_STRICT_OBJC_MSGSEND = YES;
				GCC_C_LANGUAGE_STANDARD = gnu99;
				GCC_NO_COMMON_BLOCKS = YES;
				GCC_WARN_64_TO_32_BIT_CONVERSION = YES;
				GCC_WARN_ABOUT_RETURN_TYPE = YES_ERROR;
				GCC_WARN_UNDECLARED_SELECTOR = YES;
				GCC_WARN_UNINITIALIZED_AUTOS = YES_AGGRESSIVE;
				GCC_WARN_UNUSED_FUNCTION = YES;
				GCC_WARN_UNUSED_VARIABLE = YES;
				IPHONEOS_DEPLOYMENT_TARGET = 9.3;
				MTL_ENABLE_DEBUG_INFO = NO;
				SDKROOT = iphoneos;
				TARGETED_DEVICE_FAMILY = "1,2";
				VALIDATE_PRODUCT = YES;
			};
			name = Release;
		};
		838428EC1D7591CD00DC2AB3 /* Debug */ = {
			isa = XCBuildConfiguration;
			buildSettings = {
				ASSETCATALOG_COMPILER_APPICON_NAME = AppIcon;
				INFOPLIST_FILE = EHHorizontalSelectionViewExample/Info.plist;
				IPHONEOS_DEPLOYMENT_TARGET = 8.0;
				LD_RUNPATH_SEARCH_PATHS = "$(inherited) @executable_path/Frameworks";
				PRODUCT_BUNDLE_IDENTIFIER = com.josshad.EHHorizontalSelectionView;
				PRODUCT_NAME = "$(TARGET_NAME)";
			};
			name = Debug;
		};
		838428ED1D7591CD00DC2AB3 /* Release */ = {
			isa = XCBuildConfiguration;
			buildSettings = {
				ASSETCATALOG_COMPILER_APPICON_NAME = AppIcon;
				INFOPLIST_FILE = EHHorizontalSelectionViewExample/Info.plist;
				IPHONEOS_DEPLOYMENT_TARGET = 8.0;
				LD_RUNPATH_SEARCH_PATHS = "$(inherited) @executable_path/Frameworks";
				PRODUCT_BUNDLE_IDENTIFIER = com.josshad.EHHorizontalSelectionView;
				PRODUCT_NAME = "$(TARGET_NAME)";
			};
			name = Release;
		};
		838429181D75A38B00DC2AB3 /* Debug */ = {
			isa = XCBuildConfiguration;
			buildSettings = {
				BUNDLE_LOADER = "$(TEST_HOST)";
				HEADER_SEARCH_PATHS = "$(SRCROOT)/EHHorizintalSelectionView";
				INFOPLIST_FILE = EHHorizontalSelectionViewTests/Info.plist;
				LD_RUNPATH_SEARCH_PATHS = "$(inherited) @executable_path/Frameworks @loader_path/Frameworks";
				PRODUCT_BUNDLE_IDENTIFIER = com.josshad.EHHorizontalSelectionViewTests;
				PRODUCT_NAME = "$(TARGET_NAME)";
				TEST_HOST = "$(BUILT_PRODUCTS_DIR)/EHHorizontalSelectionView.app/EHHorizontalSelectionView";
			};
			name = Debug;
		};
		838429191D75A38B00DC2AB3 /* Release */ = {
			isa = XCBuildConfiguration;
			buildSettings = {
				BUNDLE_LOADER = "$(TEST_HOST)";
				HEADER_SEARCH_PATHS = "$(SRCROOT)/EHHorizintalSelectionView";
				INFOPLIST_FILE = EHHorizontalSelectionViewTests/Info.plist;
				LD_RUNPATH_SEARCH_PATHS = "$(inherited) @executable_path/Frameworks @loader_path/Frameworks";
				PRODUCT_BUNDLE_IDENTIFIER = com.josshad.EHHorizontalSelectionViewTests;
				PRODUCT_NAME = "$(TARGET_NAME)";
				TEST_HOST = "$(BUILT_PRODUCTS_DIR)/EHHorizontalSelectionView.app/EHHorizontalSelectionView";
			};
			name = Release;
		};
/* End XCBuildConfiguration section */

/* Begin XCConfigurationList section */
		838428CF1D7591CD00DC2AB3 /* Build configuration list for PBXProject "EHHorizontalSelectionView" */ = {
			isa = XCConfigurationList;
			buildConfigurations = (
				838428E91D7591CD00DC2AB3 /* Debug */,
				838428EA1D7591CD00DC2AB3 /* Release */,
			);
			defaultConfigurationIsVisible = 0;
			defaultConfigurationName = Release;
		};
		838428EB1D7591CD00DC2AB3 /* Build configuration list for PBXNativeTarget "EHHorizontalSelectionViewExample" */ = {
			isa = XCConfigurationList;
			buildConfigurations = (
				838428EC1D7591CD00DC2AB3 /* Debug */,
				838428ED1D7591CD00DC2AB3 /* Release */,
			);
			defaultConfigurationIsVisible = 0;
			defaultConfigurationName = Release;
		};
		838429171D75A38B00DC2AB3 /* Build configuration list for PBXNativeTarget "EHHorizontalSelectionViewTests" */ = {
			isa = XCConfigurationList;
			buildConfigurations = (
				838429181D75A38B00DC2AB3 /* Debug */,
				838429191D75A38B00DC2AB3 /* Release */,
			);
			defaultConfigurationIsVisible = 0;
			defaultConfigurationName = Release;
		};
/* End XCConfigurationList section */
	};
	rootObject = 838428CC1D7591CD00DC2AB3 /* Project object */;
}
